Microsoft Visual Studio Solution File, Format Version 12.00
# Visual Studio Version 17
VisualStudioVersion = 17.5.2.0
MinimumVisualStudioVersion = 10.0.40219.1
Project("{FAE04EC0-301F-11D3-BF4B-00C04F79EFBC}") = "Final_Project_BackEnd", "Final_Project_BackEnd.csproj", "{3A3857D1-3102-6D80-38AE-494190B49667}"
EndProject
Global
	GlobalSection(SolutionConfigurationPlatforms) = preSolution
		Debug|Any CPU = Debug|Any CPU
		Release|Any CPU = Release|Any CPU
	EndGlobalSection
	GlobalSection(ProjectConfigurationPlatforms) = postSolution
		{3A3857D1-3102-6D80-38AE-494190B49667}.Debug|Any CPU.ActiveCfg = Debug|Any CPU
		{3A3857D1-3102-6D80-38AE-494190B49667}.Debug|Any CPU.Build.0 = Debug|Any CPU
		{3A3857D1-3102-6D80-38AE-494190B49667}.Release|Any CPU.ActiveCfg = Release|Any CPU
		{3A3857D1-3102-6D80-38AE-494190B49667}.Release|Any CPU.Build.0 = Release|Any CPU
	EndGlobalSection
	GlobalSection(SolutionProperties) = preSolution
		HideSolutionNode = FALSE
	EndGlobalSection
	GlobalSection(ExtensibilityGlobals) = postSolution
		SolutionGuid = {393A768B-D860-4426-9D72-3DED8E75595E}
	EndGlobalSection
EndGlobal
